
Microsoft Visual Studio Solution File, Format Version 12.00
# Visual Studio 15
VisualStudioVersion = 15.0.27703.2042
MinimumVisualStudioVersion = 10.0.40219.1
Project("{FAE04EC0-301F-11D3-BF4B-00C04F79EFBC}") = "CollectionsManipulations", "CollectionsManipulations\CollectionsManipulations.csproj", "{CFB2EB0E-8606-49A5-B7C0-B11E4041B4E8}"
EndProject
Project("{FAE04EC0-301F-11D3-BF4B-00C04F79EFBC}") = "CollectionsManipulations.Tests", "CollectionsManipulations.Tests\CollectionsManipulations.Tests.csproj", "{38C8426B-2F4C-4D16-A151-C41420BBD5A8}"
EndProject
Global
	GlobalSection(SolutionConfigurationPlatforms) = preSolution
		Debug|Any CPU = Debug|Any CPU
		Release|Any CPU = Release|Any CPU
	EndGlobalSection
	GlobalSection(ProjectConfigurationPlatforms) = postSolution
		{CFB2EB0E-8606-49A5-B7C0-B11E4041B4E8}.Debug|Any CPU.ActiveCfg = Debug|Any CPU
		{CFB2EB0E-8606-49A5-B7C0-B11E4041B4E8}.Debug|Any CPU.Build.0 = Debug|Any CPU
		{CFB2EB0E-8606-49A5-B7C0-B11E4041B4E8}.Release|Any CPU.ActiveCfg = Release|Any CPU
		{CFB2EB0E-8606-49A5-B7C0-B11E4041B4E8}.Release|Any CPU.Build.0 = Release|Any CPU
		{38C8426B-2F4C-4D16-A151-C41420BBD5A8}.Debug|Any CPU.ActiveCfg = Debug|Any CPU
		{38C8426B-2F4C-4D16-A151-C41420BBD5A8}.Debug|Any CPU.Build.0 = Debug|Any CPU
		{38C8426B-2F4C-4D16-A151-C41420BBD5A8}.Release|Any CPU.ActiveCfg = Release|Any CPU
		{38C8426B-2F4C-4D16-A151-C41420BBD5A8}.Release|Any CPU.Build.0 = Release|Any CPU
	EndGlobalSection
	GlobalSection(SolutionProperties) = preSolution
		HideSolutionNode = FALSE
	EndGlobalSection
	GlobalSection(ExtensibilityGlobals) = postSolution
		SolutionGuid = {FBDB0A43-0EFC-46DF-B15D-B80232E4DCF5}
	EndGlobalSection
EndGlobal
